PODS:
  - AAShareBubbles (1.2.4)
  - Alamofire (4.2.0)
  - Eureka (2.0.0-beta.1)
  - ImagePicker (2.0.0)
  - SQLite.swift (0.11.2):
    - SQLite.swift/standard (= 0.11.2)
  - SQLite.swift/standard (0.11.2)
  - SwiftyJSON (3.1.4)
  - SwiftyUserDefaults (3.0.0)
  - Toast-Swift (2.0.0)

DEPENDENCIES:
  - AAShareBubbles (~> 1.2)
  - Alamofire (~> 4.2)
  - Eureka (~> 2.0.0-beta.1)
  - ImagePicker (from `https://github.com/Haitec/ImagePicker`)
  - SQLite.swift (~> 0.11)
  - SwiftyJSON (~> 3.1)
  - SwiftyUserDefaults (~> 3.0)
  - Toast-Swift (~> 2.0)

EXTERNAL SOURCES:
  ImagePicker:
    :git: https://github.com/Haitec/ImagePicker

CHECKOUT OPTIONS:
  ImagePicker:
    :commit: 21ab988c69ca1c95c093a796b2e113d924a18937
    :git: https://github.com/Haitec/ImagePicker

SPEC CHECKSUMS:
  AAShareBubbles: 53fd5064602fa041a2249dda6b26f7fdccca3093
  Alamofire: aa2e09d871c9160ac53c90e83c68064a94e3dfbe
  Eureka: d014adf16406745e1a78d5790ea37ed130a0a8e5
  ImagePicker: 81175d36c2852cb543cb4f5d6c19e28f3e8d90eb
  SQLite.swift: 670c3e9e0a806bbfd56a3de5d530768dc0e6fe7c
  SwiftyJSON: c2842d878f95482ffceec5709abc3d05680c0220
  SwiftyUserDefaults: 0f1d45fc3aafb9064dac661e367f8f83fe21a4b4
  Toast-Swift: 5b2f8f720f7e78e48511f693df1f9c9a6e38a25a

PODFILE CHECKSUM: eeeccded3bdd41bbba53dac296107276888af93e

COCOAPODS: 1.1.1
