PODS:
  - Alamofire (4.2.0)
  - AlamofireSwiftyJSON (0.2.0):
    - Alamofire (~> 4.0)
    - SwiftyJSON (~> 3.1)
  - Former (1.5.1)
  - SwiftyJSON (3.1.3)

DEPENDENCIES:
  - Alamofire (~> 4.2)
  - AlamofireSwiftyJSON (~> 0.2)
  - Former (~> 1.5)

SPEC CHECKSUMS:
  Alamofire: aa2e09d871c9160ac53c90e83c68064a94e3dfbe
  AlamofireSwiftyJSON: 5a49196b8b061e32f5ebc84fa0815300bd8a974e
  Former: 0b48a812c0d93b092b908d1b0574d0fd95c6b6f9
  SwiftyJSON: 38a8ea2006779c0fc4c310cb2ee8195327740faf

PODFILE CHECKSUM: 4dc89abaa4a6de0e9b7a6ebd43919924b1a83467

COCOAPODS: 1.1.1
