// !$*UTF8*$!
{
	archiveVersion = 1;
	classes = {
	};
	objectVersion = 55;
	objects = {

/* Begin PBXBuildFile section */
		32A5F1DFB93616350F05F3D6 /* Pods-Bahnhofsfotos-metadata.plist in Resources */ = {isa = PBXBuildFile; fileRef = 67F95631E12281F589409A6D /* Pods-Bahnhofsfotos-metadata.plist */; };
		49200C211EA172840054F426 /* StationAnnotation.swift in Sources */ = {isa = PBXBuildFile; fileRef = 49200C201EA172840054F426 /* StationAnnotation.swift */; };
		49455A671E04CA76007A5501 /* MapViewController.swift in Sources */ = {isa = PBXBuildFile; fileRef = 49455A661E04CA76007A5501 /* MapViewController.swift */; };
		49455A6B1E04D73A007A5501 /* MapKit.framework in Frameworks */ = {isa = PBXBuildFile; fileRef = 49455A6A1E04D73A007A5501 /* MapKit.framework */; };
		49455A6F1E04E981007A5501 /* PhotoViewController.swift in Sources */ = {isa = PBXBuildFile; fileRef = 49455A6E1E04E981007A5501 /* PhotoViewController.swift */; };
		49775C00253760D800554CEF /* BahnhofsfotosUITests.swift in Sources */ = {isa = PBXBuildFile; fileRef = 49775BFE253760D800554CEF /* BahnhofsfotosUITests.swift */; };
		49862314201A1F5800540C34 /* SafariServices.framework in Frameworks */ = {isa = PBXBuildFile; fileRef = 49E152B82017C47C00DB80A7 /* SafariServices.framework */; };
		499087731ECE376D00AB45C2 /* HighScoreViewController.swift in Sources */ = {isa = PBXBuildFile; fileRef = 499087721ECE376D00AB45C2 /* HighScoreViewController.swift */; };
		499087751ECE4FB200AB45C2 /* HighScoreTableViewCell.swift in Sources */ = {isa = PBXBuildFile; fileRef = 499087741ECE4FB200AB45C2 /* HighScoreTableViewCell.swift */; };
		499B263E1E36A16400E081B3 /* EmptyView.swift in Sources */ = {isa = PBXBuildFile; fileRef = 499B263D1E36A16400E081B3 /* EmptyView.swift */; };
		499B26401E36ADF400E081B3 /* EmptyView.xib in Resources */ = {isa = PBXBuildFile; fileRef = 499B263F1E36ADF400E081B3 /* EmptyView.xib */; };
		499B26421E36B08800E081B3 /* ViewFromNib.swift in Sources */ = {isa = PBXBuildFile; fileRef = 499B26411E36B08800E081B3 /* ViewFromNib.swift */; };
		49A9DD46254598F0009FCA2C /* Domain in Frameworks */ = {isa = PBXBuildFile; productRef = 49A9DD45254598F0009FCA2C /* Domain */; };
		49B503E81E048EAE00B8AFDE /* AppDelegate.swift in Sources */ = {isa = PBXBuildFile; fileRef = 49B503E71E048EAE00B8AFDE /* AppDelegate.swift */; };
		49B503ED1E048EAE00B8AFDE /* Main.storyboard in Resources */ = {isa = PBXBuildFile; fileRef = 49B503EB1E048EAE00B8AFDE /* Main.storyboard */; };
		49B503EF1E048EAE00B8AFDE /* Assets.xcassets in Resources */ = {isa = PBXBuildFile; fileRef = 49B503EE1E048EAE00B8AFDE /* Assets.xcassets */; };
		49B503F21E048EAE00B8AFDE /* LaunchScreen.storyboard in Resources */ = {isa = PBXBuildFile; fileRef = 49B503F01E048EAE00B8AFDE /* LaunchScreen.storyboard */; };
		49E2457F254B6DAE006877C4 /* Data in Frameworks */ = {isa = PBXBuildFile; productRef = 49E2457E254B6DAE006877C4 /* Data */; };
		49E24586254B7301006877C4 /* Shared in Frameworks */ = {isa = PBXBuildFile; productRef = 49E24585254B7301006877C4 /* Shared */; };
		49F690F11E05272000BDE340 /* SettingsViewController.swift in Sources */ = {isa = PBXBuildFile; fileRef = 49F690F01E05272000BDE340 /* SettingsViewController.swift */; };
		49F70DB21E85B41400154136 /* Helper.swift in Sources */ = {isa = PBXBuildFile; fileRef = 49F70DB11E85B41400154136 /* Helper.swift */; };
		7265CDE2F28E2527EA9C46C9 /* Pods_Bahnhofsfotos.framework in Frameworks */ = {isa = PBXBuildFile; fileRef = 1A5D14F39825A2F532F59DF8 /* Pods_Bahnhofsfotos.framework */; };
/* End PBXBuildFile section */

/* Begin PBXContainerItemProxy section */
		DFCC339522FEFCF3003B5F23 /* PBXContainerItemProxy */ = {
			isa = PBXContainerItemProxy;
			containerPortal = 49B503DC1E048EAC00B8AFDE /* Project object */;
			proxyType = 1;
			remoteGlobalIDString = 49B503E31E048EAD00B8AFDE;
			remoteInfo = Bahnhofsfotos;
		};
/* End PBXContainerItemProxy section */

/* Begin PBXFileReference section */
		1A5D14F39825A2F532F59DF8 /* Pods_Bahnhofsfotos.framework */ = {isa = PBXFileReference; explicitFileType = wrapper.framework; includeInIndex = 0; path = Pods_Bahnhofsfotos.framework; sourceTree = BUILT_PRODUCTS_DIR; };
		1D78A7B9AED7B7EE6DBA4F26 /* Pods-Bahnhofsfotos.release.xcconfig */ = {isa = PBXFileReference; includeInIndex = 1; lastKnownFileType = text.xcconfig; name = "Pods-Bahnhofsfotos.release.xcconfig"; path = "Pods/Target Support Files/Pods-Bahnhofsfotos/Pods-Bahnhofsfotos.release.xcconfig"; sourceTree = "<group>"; };
		49200C201EA172840054F426 /* StationAnnotation.swift */ = {isa = PBXFileReference; fileEncoding = 4; lastKnownFileType = sourcecode.swift; path = StationAnnotation.swift; sourceTree = "<group>"; };
		49455A661E04CA76007A5501 /* MapViewController.swift */ = {isa = PBXFileReference; fileEncoding = 4; lastKnownFileType = sourcecode.swift; lineEnding = 0; path = MapViewController.swift; sourceTree = "<group>"; xcLanguageSpecificationIdentifier = xcode.lang.swift; };
		49455A6A1E04D73A007A5501 /* MapKit.framework */ = {isa = PBXFileReference; lastKnownFileType = wrapper.framework; name = MapKit.framework; path = System/Library/Frameworks/MapKit.framework; sourceTree = SDKROOT; };
		49455A6E1E04E981007A5501 /* PhotoViewController.swift */ = {isa = PBXFileReference; fileEncoding = 4; lastKnownFileType = sourcecode.swift; path = PhotoViewController.swift; sourceTree = "<group>"; };
		494CB7B11EB128C9009F07C2 /* Bahnhofsfotos.entitlements */ = {isa = PBXFileReference; lastKnownFileType = text.plist.entitlements; path = Bahnhofsfotos.entitlements; sourceTree = "<group>"; };
		49775BFE253760D800554CEF /* BahnhofsfotosUITests.swift */ = {isa = PBXFileReference; fileEncoding = 4; lastKnownFileType = sourcecode.swift; path = BahnhofsfotosUITests.swift; sourceTree = "<group>"; };
		49775BFF253760D800554CEF /* Info.plist */ = {isa = PBXFileReference; fileEncoding = 4; lastKnownFileType = text.plist.xml; path = Info.plist; sourceTree = "<group>"; };
		497A8ECB22FCABFE00E13EE9 /* README.md */ = {isa = PBXFileReference; lastKnownFileType = net.daringfireball.markdown; path = README.md; sourceTree = "<group>"; };
		499087721ECE376D00AB45C2 /* HighScoreViewController.swift */ = {isa = PBXFileReference; fileEncoding = 4; lastKnownFileType = sourcecode.swift; path = HighScoreViewController.swift; sourceTree = "<group>"; };
		499087741ECE4FB200AB45C2 /* HighScoreTableViewCell.swift */ = {isa = PBXFileReference; fileEncoding = 4; lastKnownFileType = sourcecode.swift; path = HighScoreTableViewCell.swift; sourceTree = "<group>"; };
		499B263D1E36A16400E081B3 /* EmptyView.swift */ = {isa = PBXFileReference; fileEncoding = 4; lastKnownFileType = sourcecode.swift; path = EmptyView.swift; sourceTree = "<group>"; };
		499B263F1E36ADF400E081B3 /* EmptyView.xib */ = {isa = PBXFileReference; fileEncoding = 4; lastKnownFileType = file.xib; path = EmptyView.xib; sourceTree = "<group>"; };
		499B26411E36B08800E081B3 /* ViewFromNib.swift */ = {isa = PBXFileReference; fileEncoding = 4; lastKnownFileType = sourcecode.swift; path = ViewFromNib.swift; sourceTree = "<group>"; };
		49A9DD4225459668009FCA2C /* Domain */ = {isa = PBXFileReference; lastKnownFileType = folder; name = Domain; path = Modules/Domain; sourceTree = "<group>"; };
		49B503E41E048EAE00B8AFDE /* Bahnhofsfotos.app */ = {isa = PBXFileReference; explicitFileType = wrapper.application; includeInIndex = 0; path = Bahnhofsfotos.app; sourceTree = BUILT_PRODUCTS_DIR; };
		49B503E71E048EAE00B8AFDE /* AppDelegate.swift */ = {isa = PBXFileReference; lastKnownFileType = sourcecode.swift; path = AppDelegate.swift; sourceTree = "<group>"; };
		49B503EC1E048EAE00B8AFDE /* Base */ = {isa = PBXFileReference; lastKnownFileType = file.storyboard; name = Base; path = Base.lproj/Main.storyboard; sourceTree = "<group>"; };
		49B503EE1E048EAE00B8AFDE /* Assets.xcassets */ = {isa = PBXFileReference; lastKnownFileType = folder.assetcatalog; path = Assets.xcassets; sourceTree = "<group>"; };
		49B503F11E048EAE00B8AFDE /* Base */ = {isa = PBXFileReference; lastKnownFileType = file.storyboard; name = Base; path = Base.lproj/LaunchScreen.storyboard; sourceTree = "<group>"; };
		49B503F31E048EAE00B8AFDE /* Info.plist */ = {isa = PBXFileReference; lastKnownFileType = text.plist.xml; path = Info.plist; sourceTree = "<group>"; };
		49E152B82017C47C00DB80A7 /* SafariServices.framework */ = {isa = PBXFileReference; lastKnownFileType = wrapper.framework; name = SafariServices.framework; path = System/Library/Frameworks/SafariServices.framework; sourceTree = SDKROOT; };
		49E2457B254B6D0C006877C4 /* Data */ = {isa = PBXFileReference; lastKnownFileType = folder; name = Data; path = Modules/Data; sourceTree = "<group>"; };
		49E24582254B7244006877C4 /* Shared */ = {isa = PBXFileReference; lastKnownFileType = folder; name = Shared; path = Modules/Shared; sourceTree = "<group>"; };
		49F690F01E05272000BDE340 /* SettingsViewController.swift */ = {isa = PBXFileReference; fileEncoding = 4; lastKnownFileType = sourcecode.swift; path = SettingsViewController.swift; sourceTree = "<group>"; };
		49F70DB11E85B41400154136 /* Helper.swift */ = {isa = PBXFileReference; fileEncoding = 4; lastKnownFileType = sourcecode.swift; path = Helper.swift; sourceTree = "<group>"; };
		67F95631E12281F589409A6D /* Pods-Bahnhofsfotos-metadata.plist */ = {isa = PBXFileReference; includeInIndex = 1; lastKnownFileType = text.plist.xml; name = "Pods-Bahnhofsfotos-metadata.plist"; path = "Pods/Pods-Bahnhofsfotos-metadata.plist"; sourceTree = "<group>"; };
		7C56300D9DCF452C76B5066F /* Pods-Bahnhofsfotos.debug.xcconfig */ = {isa = PBXFileReference; includeInIndex = 1; lastKnownFileType = text.xcconfig; name = "Pods-Bahnhofsfotos.debug.xcconfig"; path = "Pods/Target Support Files/Pods-Bahnhofsfotos/Pods-Bahnhofsfotos.debug.xcconfig"; sourceTree = "<group>"; };
		DFCC339022FEFCF3003B5F23 /* BahnhofsfotosUITests.xctest */ = {isa = PBXFileReference; explicitFileType = wrapper.cfbundle; includeInIndex = 0; path = BahnhofsfotosUITests.xctest; sourceTree = BUILT_PRODUCTS_DIR; };
/* End PBXFileReference section */

/* Begin PBXFrameworksBuildPhase section */
		49B503E11E048EAD00B8AFDE /* Frameworks */ = {
			isa = PBXFrameworksBuildPhase;
			buildActionMask = 2147483647;
			files = (
				49862314201A1F5800540C34 /* SafariServices.framework in Frameworks */,
				49455A6B1E04D73A007A5501 /* MapKit.framework in Frameworks */,
				49E2457F254B6DAE006877C4 /* Data in Frameworks */,
				49A9DD46254598F0009FCA2C /* Domain in Frameworks */,
				7265CDE2F28E2527EA9C46C9 /* Pods_Bahnhofsfotos.framework in Frameworks */,
				49E24586254B7301006877C4 /* Shared in Frameworks */,
			);
			runOnlyForDeploymentPostprocessing = 0;
		};
		DFCC338D22FEFCF3003B5F23 /* Frameworks */ = {
			isa = PBXFrameworksBuildPhase;
			buildActionMask = 2147483647;
			files = (
			);
			runOnlyForDeploymentPostprocessing = 0;
		};
/* End PBXFrameworksBuildPhase section */

/* Begin PBXGroup section */
		49775BA6253758D000554CEF /* Application */ = {
			isa = PBXGroup;
			children = (
				49B503E71E048EAE00B8AFDE /* AppDelegate.swift */,
				49B503EE1E048EAE00B8AFDE /* Assets.xcassets */,
				494CB7B11EB128C9009F07C2 /* Bahnhofsfotos.entitlements */,
				49F70DB11E85B41400154136 /* Helper.swift */,
				49B503F31E048EAE00B8AFDE /* Info.plist */,
			);
			path = Application;
			sourceTree = "<group>";
		};
		49775BB52537594E00554CEF /* Presentation */ = {
			isa = PBXGroup;
			children = (
				49775C3D2537618000554CEF /* Common */,
				49775BB9253759E400554CEF /* HighscoreScene */,
				49775BB8253759C500554CEF /* MapScene */,
				49775BBA253759FB00554CEF /* SettingsScene */,
				49B503EB1E048EAE00B8AFDE /* Main.storyboard */,
				49B503F01E048EAE00B8AFDE /* LaunchScreen.storyboard */,
			);
			path = Presentation;
			sourceTree = "<group>";
		};
		49775BB8253759C500554CEF /* MapScene */ = {
			isa = PBXGroup;
			children = (
				49775BBF25375B6400554CEF /* StationsMap */,
				49775BC425375B7600554CEF /* StationDetails */,
			);
			path = MapScene;
			sourceTree = "<group>";
		};
		49775BB9253759E400554CEF /* HighscoreScene */ = {
			isa = PBXGroup;
			children = (
				499087741ECE4FB200AB45C2 /* HighScoreTableViewCell.swift */,
				499087721ECE376D00AB45C2 /* HighScoreViewController.swift */,
			);
			path = HighscoreScene;
			sourceTree = "<group>";
		};
		49775BBA253759FB00554CEF /* SettingsScene */ = {
			isa = PBXGroup;
			children = (
				49F690F01E05272000BDE340 /* SettingsViewController.swift */,
			);
			path = SettingsScene;
			sourceTree = "<group>";
		};
		49775BBF25375B6400554CEF /* StationsMap */ = {
			isa = PBXGroup;
			children = (
				49455A661E04CA76007A5501 /* MapViewController.swift */,
				49200C201EA172840054F426 /* StationAnnotation.swift */,
			);
			path = StationsMap;
			sourceTree = "<group>";
		};
		49775BC425375B7600554CEF /* StationDetails */ = {
			isa = PBXGroup;
			children = (
				49455A6E1E04E981007A5501 /* PhotoViewController.swift */,
			);
			path = StationDetails;
			sourceTree = "<group>";
		};
		49775BFD253760D800554CEF /* iOS Screenshots */ = {
			isa = PBXGroup;
			children = (
				49775BFE253760D800554CEF /* BahnhofsfotosUITests.swift */,
				49775BFF253760D800554CEF /* Info.plist */,
			);
			path = "iOS Screenshots";
			sourceTree = "<group>";
		};
		49775C3D2537618000554CEF /* Common */ = {
			isa = PBXGroup;
			children = (
				499B263D1E36A16400E081B3 /* EmptyView.swift */,
				499B263F1E36ADF400E081B3 /* EmptyView.xib */,
				499B26411E36B08800E081B3 /* ViewFromNib.swift */,
			);
			path = Common;
			sourceTree = "<group>";
		};
		49B503DB1E048EAC00B8AFDE = {
			isa = PBXGroup;
			children = (
				49E24582254B7244006877C4 /* Shared */,
				49E2457B254B6D0C006877C4 /* Data */,
				49A9DD4225459668009FCA2C /* Domain */,
				497A8ECB22FCABFE00E13EE9 /* README.md */,
				49B503E61E048EAE00B8AFDE /* iOS */,
				49775BFD253760D800554CEF /* iOS Screenshots */,
				49B503E51E048EAE00B8AFDE /* Products */,
				AEEA6128BE255DE686283DB3 /* Pods */,
				95E2D7A511D466C1AF063B5D /* Frameworks */,
			);
			indentWidth = 2;
			sourceTree = "<group>";
			tabWidth = 2;
		};
		49B503E51E048EAE00B8AFDE /* Products */ = {
			isa = PBXGroup;
			children = (
				49B503E41E048EAE00B8AFDE /* Bahnhofsfotos.app */,
				DFCC339022FEFCF3003B5F23 /* BahnhofsfotosUITests.xctest */,
			);
			name = Products;
			sourceTree = "<group>";
		};
		49B503E61E048EAE00B8AFDE /* iOS */ = {
			isa = PBXGroup;
			children = (
				49775BA6253758D000554CEF /* Application */,
				49775BB52537594E00554CEF /* Presentation */,
			);
			path = iOS;
			sourceTree = "<group>";
		};
		95E2D7A511D466C1AF063B5D /* Frameworks */ = {
			isa = PBXGroup;
			children = (
				49E152B82017C47C00DB80A7 /* SafariServices.framework */,
				49455A6A1E04D73A007A5501 /* MapKit.framework */,
				1A5D14F39825A2F532F59DF8 /* Pods_Bahnhofsfotos.framework */,
			);
			name = Frameworks;
			sourceTree = "<group>";
		};
		AEEA6128BE255DE686283DB3 /* Pods */ = {
			isa = PBXGroup;
			children = (
				7C56300D9DCF452C76B5066F /* Pods-Bahnhofsfotos.debug.xcconfig */,
				1D78A7B9AED7B7EE6DBA4F26 /* Pods-Bahnhofsfotos.release.xcconfig */,
				67F95631E12281F589409A6D /* Pods-Bahnhofsfotos-metadata.plist */,
			);
			name = Pods;
			sourceTree = "<group>";
		};
/* End PBXGroup section */

/* Begin PBXNativeTarget section */
		49B503E31E048EAD00B8AFDE /* Bahnhofsfotos */ = {
			isa = PBXNativeTarget;
			buildConfigurationList = 49B503F61E048EAE00B8AFDE /* Build configuration list for PBXNativeTarget "Bahnhofsfotos" */;
			buildPhases = (
				ED397E516860B75F83899C8D /* [CP] Check Pods Manifest.lock */,
				4915BFBD1E8FC1B900F5195A /* Run SwiftLint */,
				49B503E01E048EAD00B8AFDE /* Sources */,
				49B503E11E048EAD00B8AFDE /* Frameworks */,
				49B503E21E048EAD00B8AFDE /* Resources */,
				C87A5D46B75C1D58483F0654 /* [CP] Embed Pods Frameworks */,
			);
			buildRules = (
			);
			dependencies = (
			);
			name = Bahnhofsfotos;
			packageProductDependencies = (
				49A9DD45254598F0009FCA2C /* Domain */,
				49E2457E254B6DAE006877C4 /* Data */,
				49E24585254B7301006877C4 /* Shared */,
			);
			productName = Bahnhofsfotos;
			productReference = 49B503E41E048EAE00B8AFDE /* Bahnhofsfotos.app */;
			productType = "com.apple.product-type.application";
		};
		DFCC338F22FEFCF3003B5F23 /* BahnhofsfotosUITests */ = {
			isa = PBXNativeTarget;
			buildConfigurationList = DFCC339722FEFCF3003B5F23 /* Build configuration list for PBXNativeTarget "BahnhofsfotosUITests" */;
			buildPhases = (
				DFCC338C22FEFCF3003B5F23 /* Sources */,
				DFCC338D22FEFCF3003B5F23 /* Frameworks */,
				DFCC338E22FEFCF3003B5F23 /* Resources */,
			);
			buildRules = (
			);
			dependencies = (
				DFCC339622FEFCF3003B5F23 /* PBXTargetDependency */,
			);
			name = BahnhofsfotosUITests;
			productName = BahnhofsfotosUITests;
			productReference = DFCC339022FEFCF3003B5F23 /* BahnhofsfotosUITests.xctest */;
			productType = "com.apple.product-type.bundle.ui-testing";
		};
/* End PBXNativeTarget section */

/* Begin PBXProject section */
		49B503DC1E048EAC00B8AFDE /* Project object */ = {
			isa = PBXProject;
			attributes = {
				LastSwiftUpdateCheck = 1030;
				LastUpgradeCheck = 1030;
				ORGANIZATIONNAME = "Railway-Stations";
				TargetAttributes = {
					49B503E31E048EAD00B8AFDE = {
						CreatedOnToolsVersion = 8.1;
						DevelopmentTeam = 93C29USLP6;
						LastSwiftMigration = 0910;
						ProvisioningStyle = Manual;
						SystemCapabilities = {
							com.apple.BackgroundModes = {
								enabled = 0;
							};
							com.apple.Maps.iOS = {
								enabled = 1;
							};
							com.apple.Push = {
								enabled = 1;
							};
						};
					};
					DFCC338F22FEFCF3003B5F23 = {
						CreatedOnToolsVersion = 10.3;
						DevelopmentTeam = 93C29USLP6;
						ProvisioningStyle = Automatic;
						TestTargetID = 49B503E31E048EAD00B8AFDE;
					};
				};
			};
			buildConfigurationList = 49B503DF1E048EAC00B8AFDE /* Build configuration list for PBXProject "Bahnhofsfotos" */;
			compatibilityVersion = "Xcode 13.0";
			developmentRegion = English;
			hasScannedForEncodings = 0;
			knownRegions = (
				English,
				en,
				Base,
			);
			mainGroup = 49B503DB1E048EAC00B8AFDE;
			productRefGroup = 49B503E51E048EAE00B8AFDE /* Products */;
			projectDirPath = "";
			projectRoot = "";
			targets = (
				49B503E31E048EAD00B8AFDE /* Bahnhofsfotos */,
				DFCC338F22FEFCF3003B5F23 /* BahnhofsfotosUITests */,
			);
		};
/* End PBXProject section */

/* Begin PBXResourcesBuildPhase section */
		49B503E21E048EAD00B8AFDE /* Resources */ = {
			isa = PBXResourcesBuildPhase;
			buildActionMask = 2147483647;
			files = (
				499B26401E36ADF400E081B3 /* EmptyView.xib in Resources */,
				49B503F21E048EAE00B8AFDE /* LaunchScreen.storyboard in Resources */,
				49B503EF1E048EAE00B8AFDE /* Assets.xcassets in Resources */,
				49B503ED1E048EAE00B8AFDE /* Main.storyboard in Resources */,
				32A5F1DFB93616350F05F3D6 /* Pods-Bahnhofsfotos-metadata.plist in Resources */,
			);
			runOnlyForDeploymentPostprocessing = 0;
		};
		DFCC338E22FEFCF3003B5F23 /* Resources */ = {
			isa = PBXResourcesBuildPhase;
			buildActionMask = 2147483647;
			files = (
			);
			runOnlyForDeploymentPostprocessing = 0;
		};
/* End PBXResourcesBuildPhase section */

/* Begin PBXShellScriptBuildPhase section */
		4915BFBD1E8FC1B900F5195A /* Run SwiftLint */ = {
			isa = PBXShellScriptBuildPhase;
			buildActionMask = 12;
			files = (
			);
			inputPaths = (
			);
			name = "Run SwiftLint";
			outputPaths = (
			);
			runOnlyForDeploymentPostprocessing = 0;
			shellPath = /bin/sh;
			shellScript = "\"${PODS_ROOT}/SwiftLint/swiftlint\" help\n";
			showEnvVarsInLog = 0;
		};
		C87A5D46B75C1D58483F0654 /* [CP] Embed Pods Frameworks */ = {
			isa = PBXShellScriptBuildPhase;
			buildActionMask = 2147483647;
			files = (
			);
			inputFileListPaths = (
				"${PODS_ROOT}/Target Support Files/Pods-Bahnhofsfotos/Pods-Bahnhofsfotos-frameworks-${CONFIGURATION}-input-files.xcfilelist",
			);
			name = "[CP] Embed Pods Frameworks";
			outputFileListPaths = (
				"${PODS_ROOT}/Target Support Files/Pods-Bahnhofsfotos/Pods-Bahnhofsfotos-frameworks-${CONFIGURATION}-output-files.xcfilelist",
			);
			runOnlyForDeploymentPostprocessing = 0;
			shellPath = /bin/sh;
			shellScript = "\"${PODS_ROOT}/Target Support Files/Pods-Bahnhofsfotos/Pods-Bahnhofsfotos-frameworks.sh\"\n";
			showEnvVarsInLog = 0;
		};
		ED397E516860B75F83899C8D /* [CP] Check Pods Manifest.lock */ = {
			isa = PBXShellScriptBuildPhase;
			buildActionMask = 2147483647;
			files = (
			);
			inputPaths = (
				"${PODS_PODFILE_DIR_PATH}/Podfile.lock",
				"${PODS_ROOT}/Manifest.lock",
			);
			name = "[CP] Check Pods Manifest.lock";
			outputPaths = (
				"$(DERIVED_FILE_DIR)/Pods-Bahnhofsfotos-checkManifestLockResult.txt",
			);
			runOnlyForDeploymentPostprocessing = 0;
			shellPath = /bin/sh;
			shellScript = "diff \"${PODS_PODFILE_DIR_PATH}/Podfile.lock\" \"${PODS_ROOT}/Manifest.lock\" > /dev/null\nif [ $? != 0 ] ; then\n    # print error to STDERR\n    echo \"error: The sandbox is not in sync with the Podfile.lock. Run 'pod install' or update your CocoaPods installation.\" >&2\n    exit 1\nfi\n# This output is used by Xcode 'outputs' to avoid re-running this script phase.\necho \"SUCCESS\" > \"${SCRIPT_OUTPUT_FILE_0}\"\n";
			showEnvVarsInLog = 0;
		};
/* End PBXShellScriptBuildPhase section */

/* Begin PBXSourcesBuildPhase section */
		49B503E01E048EAD00B8AFDE /* Sources */ = {
			isa = PBXSourcesBuildPhase;
			buildActionMask = 2147483647;
			files = (
				49455A6F1E04E981007A5501 /* PhotoViewController.swift in Sources */,
				49200C211EA172840054F426 /* StationAnnotation.swift in Sources */,
				49B503E81E048EAE00B8AFDE /* AppDelegate.swift in Sources */,
				499087751ECE4FB200AB45C2 /* HighScoreTableViewCell.swift in Sources */,
				49F70DB21E85B41400154136 /* Helper.swift in Sources */,
				499087731ECE376D00AB45C2 /* HighScoreViewController.swift in Sources */,
				499B26421E36B08800E081B3 /* ViewFromNib.swift in Sources */,
				49455A671E04CA76007A5501 /* MapViewController.swift in Sources */,
				499B263E1E36A16400E081B3 /* EmptyView.swift in Sources */,
				49F690F11E05272000BDE340 /* SettingsViewController.swift in Sources */,
			);
			runOnlyForDeploymentPostprocessing = 0;
		};
		DFCC338C22FEFCF3003B5F23 /* Sources */ = {
			isa = PBXSourcesBuildPhase;
			buildActionMask = 2147483647;
			files = (
				49775C00253760D800554CEF /* BahnhofsfotosUITests.swift in Sources */,
			);
			runOnlyForDeploymentPostprocessing = 0;
		};
/* End PBXSourcesBuildPhase section */

/* Begin PBXTargetDependency section */
		DFCC339622FEFCF3003B5F23 /* PBXTargetDependency */ = {
			isa = PBXTargetDependency;
			target = 49B503E31E048EAD00B8AFDE /* Bahnhofsfotos */;
			targetProxy = DFCC339522FEFCF3003B5F23 /* PBXContainerItemProxy */;
		};
/* End PBXTargetDependency section */

/* Begin PBXVariantGroup section */
		49B503EB1E048EAE00B8AFDE /* Main.storyboard */ = {
			isa = PBXVariantGroup;
			children = (
				49B503EC1E048EAE00B8AFDE /* Base */,
			);
			name = Main.storyboard;
			sourceTree = "<group>";
		};
		49B503F01E048EAE00B8AFDE /* LaunchScreen.storyboard */ = {
			isa = PBXVariantGroup;
			children = (
				49B503F11E048EAE00B8AFDE /* Base */,
			);
			name = LaunchScreen.storyboard;
			sourceTree = "<group>";
		};
/* End PBXVariantGroup section */

/* Begin XCBuildConfiguration section */
		49B503F41E048EAE00B8AFDE /* Debug */ = {
			isa = XCBuildConfiguration;
			buildSettings = {
				ALWAYS_SEARCH_USER_PATHS = NO;
				CLANG_ANALYZER_LOCALIZABILITY_NONLOCALIZED = YES;
				CLANG_ANALYZER_NONNULL = YES;
				CLANG_CXX_LANGUAGE_STANDARD = "gnu++0x";
				CLANG_CXX_LIBRARY = "libc++";
				CLANG_ENABLE_MODULES = YES;
				CLANG_ENABLE_OBJC_ARC = YES;
				CLANG_WARN_BLOCK_CAPTURE_AUTORELEASING = YES;
				CLANG_WARN_BOOL_CONVERSION = YES;
				CLANG_WARN_COMMA = YES;
				CLANG_WARN_CONSTANT_CONVERSION = YES;
				CLANG_WARN_DEPRECATED_OBJC_IMPLEMENTATIONS = YES;
				CLANG_WARN_DIRECT_OBJC_ISA_USAGE = YES_ERROR;
				CLANG_WARN_DOCUMENTATION_COMMENTS = YES;
				CLANG_WARN_EMPTY_BODY = YES;
				CLANG_WARN_ENUM_CONVERSION = YES;
				CLANG_WARN_INFINITE_RECURSION = YES;
				CLANG_WARN_INT_CONVERSION = YES;
				CLANG_WARN_NON_LITERAL_NULL_CONVERSION = YES;
				CLANG_WARN_OBJC_IMPLICIT_RETAIN_SELF = YES;
				CLANG_WARN_OBJC_LITERAL_CONVERSION = YES;
				CLANG_WARN_OBJC_ROOT_CLASS = YES_ERROR;
				CLANG_WARN_RANGE_LOOP_ANALYSIS = YES;
				CLANG_WARN_STRICT_PROTOTYPES = YES;
				CLANG_WARN_SUSPICIOUS_MOVE = YES;
				CLANG_WARN_SUSPICIOUS_MOVES = YES;
				CLANG_WARN_UNREACHABLE_CODE = YES;
				CLANG_WARN__DUPLICATE_METHOD_MATCH = YES;
				"CODE_SIGN_IDENTITY[sdk=iphoneos*]" = "iPhone Developer";
				COPY_PHASE_STRIP = NO;
				DEBUG_INFORMATION_FORMAT = dwarf;
				ENABLE_STRICT_OBJC_MSGSEND = YES;
				ENABLE_TESTABILITY = YES;
				GCC_C_LANGUAGE_STANDARD = gnu99;
				GCC_DYNAMIC_NO_PIC = NO;
				GCC_NO_COMMON_BLOCKS = YES;
				GCC_OPTIMIZATION_LEVEL = 0;
				GCC_PREPROCESSOR_DEFINITIONS = (
					"DEBUG=1",
					"$(inherited)",
				);
				GCC_WARN_64_TO_32_BIT_CONVERSION = YES;
				GCC_WARN_ABOUT_RETURN_TYPE = YES_ERROR;
				GCC_WARN_UNDECLARED_SELECTOR = YES;
				GCC_WARN_UNINITIALIZED_AUTOS = YES_AGGRESSIVE;
				GCC_WARN_UNUSED_FUNCTION = YES;
				GCC_WARN_UNUSED_VARIABLE = YES;
				IPHONEOS_DEPLOYMENT_TARGET = 14.0;
				MTL_ENABLE_DEBUG_INFO = YES;
				ONLY_ACTIVE_ARCH = YES;
				SDKROOT = iphoneos;
				SWIFT_ACTIVE_COMPILATION_CONDITIONS = DEBUG;
				SWIFT_OPTIMIZATION_LEVEL = "-Onone";
				SWIFT_VERSION = 5.0;
				TARGETED_DEVICE_FAMILY = "1,2";
			};
			name = Debug;
		};
		49B503F51E048EAE00B8AFDE /* Release */ = {
			isa = XCBuildConfiguration;
			buildSettings = {
				ALWAYS_SEARCH_USER_PATHS = NO;
				CLANG_ANALYZER_LOCALIZABILITY_NONLOCALIZED = YES;
				CLANG_ANALYZER_NONNULL = YES;
				CLANG_CXX_LANGUAGE_STANDARD = "gnu++0x";
				CLANG_CXX_LIBRARY = "libc++";
				CLANG_ENABLE_MODULES = YES;
				CLANG_ENABLE_OBJC_ARC = YES;
				CLANG_WARN_BLOCK_CAPTURE_AUTORELEASING = YES;
				CLANG_WARN_BOOL_CONVERSION = YES;
				CLANG_WARN_COMMA = YES;
				CLANG_WARN_CONSTANT_CONVERSION = YES;
				CLANG_WARN_DEPRECATED_OBJC_IMPLEMENTATIONS = YES;
				CLANG_WARN_DIRECT_OBJC_ISA_USAGE = YES_ERROR;
				CLANG_WARN_DOCUMENTATION_COMMENTS = YES;
				CLANG_WARN_EMPTY_BODY = YES;
				CLANG_WARN_ENUM_CONVERSION = YES;
				CLANG_WARN_INFINITE_RECURSION = YES;
				CLANG_WARN_INT_CONVERSION = YES;
				CLANG_WARN_NON_LITERAL_NULL_CONVERSION = YES;
				CLANG_WARN_OBJC_IMPLICIT_RETAIN_SELF = YES;
				CLANG_WARN_OBJC_LITERAL_CONVERSION = YES;
				CLANG_WARN_OBJC_ROOT_CLASS = YES_ERROR;
				CLANG_WARN_RANGE_LOOP_ANALYSIS = YES;
				CLANG_WARN_STRICT_PROTOTYPES = YES;
				CLANG_WARN_SUSPICIOUS_MOVE = YES;
				CLANG_WARN_SUSPICIOUS_MOVES = YES;
				CLANG_WARN_UNREACHABLE_CODE = YES;
				CLANG_WARN__DUPLICATE_METHOD_MATCH = YES;
				"CODE_SIGN_IDENTITY[sdk=iphoneos*]" = "iPhone Developer";
				COPY_PHASE_STRIP = NO;
				DEBUG_INFORMATION_FORMAT = "dwarf-with-dsym";
				ENABLE_NS_ASSERTIONS = NO;
				ENABLE_STRICT_OBJC_MSGSEND = YES;
				GCC_C_LANGUAGE_STANDARD = gnu99;
				GCC_NO_COMMON_BLOCKS = YES;
				GCC_WARN_64_TO_32_BIT_CONVERSION = YES;
				GCC_WARN_ABOUT_RETURN_TYPE = YES_ERROR;
				GCC_WARN_UNDECLARED_SELECTOR = YES;
				GCC_WARN_UNINITIALIZED_AUTOS = YES_AGGRESSIVE;
				GCC_WARN_UNUSED_FUNCTION = YES;
				GCC_WARN_UNUSED_VARIABLE = YES;
				IPHONEOS_DEPLOYMENT_TARGET = 14.0;
				MTL_ENABLE_DEBUG_INFO = NO;
				SDKROOT = iphoneos;
				SWIFT_COMPILATION_MODE = wholemodule;
				SWIFT_OPTIMIZATION_LEVEL = "-O";
				SWIFT_VERSION = 5.0;
				TARGETED_DEVICE_FAMILY = "1,2";
				VALIDATE_PRODUCT = YES;
			};
			name = Release;
		};
		49B503F71E048EAE00B8AFDE /* Debug */ = {
			isa = XCBuildConfiguration;
			baseConfigurationReference = 7C56300D9DCF452C76B5066F /* Pods-Bahnhofsfotos.debug.xcconfig */;
			buildSettings = {
				ALWAYS_EMBED_SWIFT_STANDARD_LIBRARIES = "$(inherited)";
				ASSETCATALOG_COMPILER_APPICON_NAME = AppIcon;
				CODE_SIGN_ENTITLEMENTS = iOS/Application/Bahnhofsfotos.entitlements;
				CODE_SIGN_STYLE = Manual;
				DEVELOPMENT_TEAM = 93C29USLP6;
				INFOPLIST_FILE = iOS/Application/Info.plist;
				LD_RUNPATH_SEARCH_PATHS = (
					"$(inherited)",
					"@executable_path/Frameworks",
				);
				PRODUCT_BUNDLE_IDENTIFIER = "de.okfn.railway-stations.ios";
				PRODUCT_NAME = "$(TARGET_NAME)";
				PROVISIONING_PROFILE_SPECIFIER = "match Development de.okfn.railway-stations.ios";
				VERSIONING_SYSTEM = "apple-generic";
			};
			name = Debug;
		};
		49B503F81E048EAE00B8AFDE /* Release */ = {
			isa = XCBuildConfiguration;
			baseConfigurationReference = 1D78A7B9AED7B7EE6DBA4F26 /* Pods-Bahnhofsfotos.release.xcconfig */;
			buildSettings = {
				ALWAYS_EMBED_SWIFT_STANDARD_LIBRARIES = "$(inherited)";
				ASSETCATALOG_COMPILER_APPICON_NAME = AppIcon;
				CODE_SIGN_ENTITLEMENTS = iOS/Application/Bahnhofsfotos.entitlements;
				CODE_SIGN_IDENTITY = "iPhone Distribution";
				CODE_SIGN_STYLE = Manual;
				DEVELOPMENT_TEAM = 93C29USLP6;
				INFOPLIST_FILE = iOS/Application/Info.plist;
				LD_RUNPATH_SEARCH_PATHS = (
					"$(inherited)",
					"@executable_path/Frameworks",
				);
				PRODUCT_BUNDLE_IDENTIFIER = "de.okfn.railway-stations.ios";
				PRODUCT_NAME = "$(TARGET_NAME)";
				PROVISIONING_PROFILE_SPECIFIER = "match AppStore de.okfn.railway-stations.ios";
				VERSIONING_SYSTEM = "apple-generic";
			};
			name = Release;
		};
		DFCC339822FEFCF3003B5F23 /* Debug */ = {
			isa = XCBuildConfiguration;
			buildSettings = {
				CLANG_ANALYZER_NUMBER_OBJECT_CONVERSION = YES_AGGRESSIVE;
				CLANG_CXX_LANGUAGE_STANDARD = "gnu++14";
				CLANG_ENABLE_OBJC_WEAK = YES;
				CLANG_WARN_UNGUARDED_AVAILABILITY = YES_AGGRESSIVE;
				CODE_SIGN_IDENTITY = "iPhone Developer";
				CODE_SIGN_STYLE = Automatic;
				DEVELOPMENT_TEAM = 93C29USLP6;
				GCC_C_LANGUAGE_STANDARD = gnu11;
				INFOPLIST_FILE = "iOS Screenshots/Info.plist";
				LD_RUNPATH_SEARCH_PATHS = (
					"$(inherited)",
					"@executable_path/Frameworks",
					"@loader_path/Frameworks",
				);
				MTL_ENABLE_DEBUG_INFO = INCLUDE_SOURCE;
				MTL_FAST_MATH = YES;
				PRODUCT_BUNDLE_IDENTIFIER = "de.okfn.railway-stations.BahnhofsfotosUITests";
				PRODUCT_NAME = "$(TARGET_NAME)";
				TARGETED_DEVICE_FAMILY = "1,2";
				TEST_TARGET_NAME = Bahnhofsfotos;
			};
			name = Debug;
		};
		DFCC339922FEFCF3003B5F23 /* Release */ = {
			isa = XCBuildConfiguration;
			buildSettings = {
				CLANG_ANALYZER_NUMBER_OBJECT_CONVERSION = YES_AGGRESSIVE;
				CLANG_CXX_LANGUAGE_STANDARD = "gnu++14";
				CLANG_ENABLE_OBJC_WEAK = YES;
				CLANG_WARN_UNGUARDED_AVAILABILITY = YES_AGGRESSIVE;
				CODE_SIGN_IDENTITY = "iPhone Developer";
				CODE_SIGN_STYLE = Automatic;
				DEVELOPMENT_TEAM = 93C29USLP6;
				GCC_C_LANGUAGE_STANDARD = gnu11;
				INFOPLIST_FILE = "iOS Screenshots/Info.plist";
				LD_RUNPATH_SEARCH_PATHS = (
					"$(inherited)",
					"@executable_path/Frameworks",
					"@loader_path/Frameworks",
				);
				MTL_FAST_MATH = YES;
				PRODUCT_BUNDLE_IDENTIFIER = "de.okfn.railway-stations.BahnhofsfotosUITests";
				PRODUCT_NAME = "$(TARGET_NAME)";
				TARGETED_DEVICE_FAMILY = "1,2";
				TEST_TARGET_NAME = Bahnhofsfotos;
			};
			name = Release;
		};
/* End XCBuildConfiguration section */

/* Begin XCConfigurationList section */
		49B503DF1E048EAC00B8AFDE /* Build configuration list for PBXProject "Bahnhofsfotos" */ = {
			isa = XCConfigurationList;
			buildConfigurations = (
				49B503F41E048EAE00B8AFDE /* Debug */,
				49B503F51E048EAE00B8AFDE /* Release */,
			);
			defaultConfigurationIsVisible = 0;
			defaultConfigurationName = Release;
		};
		49B503F61E048EAE00B8AFDE /* Build configuration list for PBXNativeTarget "Bahnhofsfotos" */ = {
			isa = XCConfigurationList;
			buildConfigurations = (
				49B503F71E048EAE00B8AFDE /* Debug */,
				49B503F81E048EAE00B8AFDE /* Release */,
			);
			defaultConfigurationIsVisible = 0;
			defaultConfigurationName = Release;
		};
		DFCC339722FEFCF3003B5F23 /* Build configuration list for PBXNativeTarget "BahnhofsfotosUITests" */ = {
			isa = XCConfigurationList;
			buildConfigurations = (
				DFCC339822FEFCF3003B5F23 /* Debug */,
				DFCC339922FEFCF3003B5F23 /* Release */,
			);
			defaultConfigurationIsVisible = 0;
			defaultConfigurationName = Release;
		};
/* End XCConfigurationList section */

/* Begin XCSwiftPackageProductDependency section */
		49A9DD45254598F0009FCA2C /* Domain */ = {
			isa = XCSwiftPackageProductDependency;
			productName = Domain;
		};
		49E2457E254B6DAE006877C4 /* Data */ = {
			isa = XCSwiftPackageProductDependency;
			productName = Data;
		};
		49E24585254B7301006877C4 /* Shared */ = {
			isa = XCSwiftPackageProductDependency;
			productName = Shared;
		};
/* End XCSwiftPackageProductDependency section */
	};
	rootObject = 49B503DC1E048EAC00B8AFDE /* Project object */;
}
