// !$*UTF8*$!
{
	archiveVersion = 1;
	classes = {
	};
	objectVersion = 46;
	objects = {

/* Begin PBXBuildFile section */
		32A5F1DFB93616350F05F3D6 /* Pods-Bahnhofsfotos-metadata.plist in Resources */ = {isa = PBXBuildFile; fileRef = 67F95631E12281F589409A6D /* Pods-Bahnhofsfotos-metadata.plist */; };
		4906E7891E7809C800B527F5 /* RootViewController.swift in Sources */ = {isa = PBXBuildFile; fileRef = 4906E7881E7809C800B527F5 /* RootViewController.swift */; };
		491119351EA918BA00BC1F1D /* SignInViewController.swift in Sources */ = {isa = PBXBuildFile; fileRef = 491119341EA918BA00BC1F1D /* SignInViewController.swift */; };
		491119371EA92E8600BC1F1D /* ChatViewController.swift in Sources */ = {isa = PBXBuildFile; fileRef = 491119361EA92E8600BC1F1D /* ChatViewController.swift */; };
		4911193B1EAA3F8B00BC1F1D /* ChatWrapperViewController.swift in Sources */ = {isa = PBXBuildFile; fileRef = 4911193A1EAA3F8B00BC1F1D /* ChatWrapperViewController.swift */; };
		4918B1E21E3E7C62007D5757 /* Settings.swift in Sources */ = {isa = PBXBuildFile; fileRef = 4918B1E11E3E7C62007D5757 /* Settings.swift */; };
		49200C211EA172840054F426 /* StationAnnotation.swift in Sources */ = {isa = PBXBuildFile; fileRef = 49200C201EA172840054F426 /* StationAnnotation.swift */; };
		493D06981E8DB2F2000EB37A /* ProfileWrapperViewController.swift in Sources */ = {isa = PBXBuildFile; fileRef = 493D06971E8DB2F2000EB37A /* ProfileWrapperViewController.swift */; };
		49455A671E04CA76007A5501 /* MapViewController.swift in Sources */ = {isa = PBXBuildFile; fileRef = 49455A661E04CA76007A5501 /* MapViewController.swift */; };
		49455A691E04CB60007A5501 /* StationStorage.swift in Sources */ = {isa = PBXBuildFile; fileRef = 49455A681E04CB60007A5501 /* StationStorage.swift */; };
		49455A6B1E04D73A007A5501 /* MapKit.framework in Frameworks */ = {isa = PBXBuildFile; fileRef = 49455A6A1E04D73A007A5501 /* MapKit.framework */; };
		49455A6F1E04E981007A5501 /* PhotoViewController.swift in Sources */ = {isa = PBXBuildFile; fileRef = 49455A6E1E04E981007A5501 /* PhotoViewController.swift */; };
		495CCE731E7AD80400D5B11C /* LeftMenuViewController.swift in Sources */ = {isa = PBXBuildFile; fileRef = 495CCE721E7AD80400D5B11C /* LeftMenuViewController.swift */; };
		499087731ECE376D00AB45C2 /* HighScoreViewController.swift in Sources */ = {isa = PBXBuildFile; fileRef = 499087721ECE376D00AB45C2 /* HighScoreViewController.swift */; };
		499087751ECE4FB200AB45C2 /* HighScoreTableViewCell.swift in Sources */ = {isa = PBXBuildFile; fileRef = 499087741ECE4FB200AB45C2 /* HighScoreTableViewCell.swift */; };
		499AD7E21E7ED6B600A5CFE9 /* MenuItem.swift in Sources */ = {isa = PBXBuildFile; fileRef = 499AD7E11E7ED6B600A5CFE9 /* MenuItem.swift */; };
		499B263E1E36A16400E081B3 /* EmptyView.swift in Sources */ = {isa = PBXBuildFile; fileRef = 499B263D1E36A16400E081B3 /* EmptyView.swift */; };
		499B26401E36ADF400E081B3 /* EmptyView.xib in Resources */ = {isa = PBXBuildFile; fileRef = 499B263F1E36ADF400E081B3 /* EmptyView.xib */; };
		499B26421E36B08800E081B3 /* ViewFromNib.swift in Sources */ = {isa = PBXBuildFile; fileRef = 499B26411E36B08800E081B3 /* ViewFromNib.swift */; };
		49B503E81E048EAE00B8AFDE /* AppDelegate.swift in Sources */ = {isa = PBXBuildFile; fileRef = 49B503E71E048EAE00B8AFDE /* AppDelegate.swift */; };
		49B503EA1E048EAE00B8AFDE /* ListViewController.swift in Sources */ = {isa = PBXBuildFile; fileRef = 49B503E91E048EAE00B8AFDE /* ListViewController.swift */; };
		49B503ED1E048EAE00B8AFDE /* Main.storyboard in Resources */ = {isa = PBXBuildFile; fileRef = 49B503EB1E048EAE00B8AFDE /* Main.storyboard */; };
		49B503EF1E048EAE00B8AFDE /* Assets.xcassets in Resources */ = {isa = PBXBuildFile; fileRef = 49B503EE1E048EAE00B8AFDE /* Assets.xcassets */; };
		49B503F21E048EAE00B8AFDE /* LaunchScreen.storyboard in Resources */ = {isa = PBXBuildFile; fileRef = 49B503F01E048EAE00B8AFDE /* LaunchScreen.storyboard */; };
		49B503FA1E04991800B8AFDE /* Constants.swift in Sources */ = {isa = PBXBuildFile; fileRef = 49B503F91E04991800B8AFDE /* Constants.swift */; };
		49B503FC1E04A1B700B8AFDE /* Station.swift in Sources */ = {isa = PBXBuildFile; fileRef = 49B503FB1E04A1B700B8AFDE /* Station.swift */; };
		49C42F6E1E3FA875005544C0 /* Country.swift in Sources */ = {isa = PBXBuildFile; fileRef = 49C42F6D1E3FA875005544C0 /* Country.swift */; };
		49C42F701E3FAE46005544C0 /* CountryStorage.swift in Sources */ = {isa = PBXBuildFile; fileRef = 49C42F6F1E3FAE46005544C0 /* CountryStorage.swift */; };
		49DF03B81E2BA7E8003C8159 /* API.swift in Sources */ = {isa = PBXBuildFile; fileRef = 49DF03B71E2BA7E8003C8159 /* API.swift */; };
		49E5B5331EB74EAD00C5FE25 /* GoogleService-Info.plist in Resources */ = {isa = PBXBuildFile; fileRef = 49E5B5311EB7490300C5FE25 /* GoogleService-Info.plist */; };
		49F690F11E05272000BDE340 /* ProfileViewController.swift in Sources */ = {isa = PBXBuildFile; fileRef = 49F690F01E05272000BDE340 /* ProfileViewController.swift */; };
		49F70DB21E85B41400154136 /* Helper.swift in Sources */ = {isa = PBXBuildFile; fileRef = 49F70DB11E85B41400154136 /* Helper.swift */; };
		7265CDE2F28E2527EA9C46C9 /* Pods_Bahnhofsfotos.framework in Frameworks */ = {isa = PBXBuildFile; fileRef = 1A5D14F39825A2F532F59DF8 /* Pods_Bahnhofsfotos.framework */; };
/* End PBXBuildFile section */

/* Begin PBXFileReference section */
		1A5D14F39825A2F532F59DF8 /* Pods_Bahnhofsfotos.framework */ = {isa = PBXFileReference; explicitFileType = wrapper.framework; includeInIndex = 0; path = Pods_Bahnhofsfotos.framework; sourceTree = BUILT_PRODUCTS_DIR; };
		1D78A7B9AED7B7EE6DBA4F26 /* Pods-Bahnhofsfotos.release.xcconfig */ = {isa = PBXFileReference; includeInIndex = 1; lastKnownFileType = text.xcconfig; name = "Pods-Bahnhofsfotos.release.xcconfig"; path = "Pods/Target Support Files/Pods-Bahnhofsfotos/Pods-Bahnhofsfotos.release.xcconfig"; sourceTree = "<group>"; };
		4906E7881E7809C800B527F5 /* RootViewController.swift */ = {isa = PBXFileReference; fileEncoding = 4; lastKnownFileType = sourcecode.swift; path = RootViewController.swift; sourceTree = "<group>"; };
		491119341EA918BA00BC1F1D /* SignInViewController.swift */ = {isa = PBXFileReference; fileEncoding = 4; lastKnownFileType = sourcecode.swift; path = SignInViewController.swift; sourceTree = "<group>"; };
		491119361EA92E8600BC1F1D /* ChatViewController.swift */ = {isa = PBXFileReference; fileEncoding = 4; lastKnownFileType = sourcecode.swift; path = ChatViewController.swift; sourceTree = "<group>"; };
		4911193A1EAA3F8B00BC1F1D /* ChatWrapperViewController.swift */ = {isa = PBXFileReference; fileEncoding = 4; lastKnownFileType = sourcecode.swift; path = ChatWrapperViewController.swift; sourceTree = "<group>"; };
		4918B1E11E3E7C62007D5757 /* Settings.swift */ = {isa = PBXFileReference; fileEncoding = 4; lastKnownFileType = sourcecode.swift; path = Settings.swift; sourceTree = "<group>"; };
		49200C201EA172840054F426 /* StationAnnotation.swift */ = {isa = PBXFileReference; fileEncoding = 4; lastKnownFileType = sourcecode.swift; path = StationAnnotation.swift; sourceTree = "<group>"; };
		493D06971E8DB2F2000EB37A /* ProfileWrapperViewController.swift */ = {isa = PBXFileReference; fileEncoding = 4; lastKnownFileType = sourcecode.swift; path = ProfileWrapperViewController.swift; sourceTree = "<group>"; };
		49455A661E04CA76007A5501 /* MapViewController.swift */ = {isa = PBXFileReference; fileEncoding = 4; lastKnownFileType = sourcecode.swift; lineEnding = 0; path = MapViewController.swift; sourceTree = "<group>"; xcLanguageSpecificationIdentifier = xcode.lang.swift; };
		49455A681E04CB60007A5501 /* StationStorage.swift */ = {isa = PBXFileReference; fileEncoding = 4; lastKnownFileType = sourcecode.swift; lineEnding = 0; path = StationStorage.swift; sourceTree = "<group>"; xcLanguageSpecificationIdentifier = xcode.lang.swift; };
		49455A6A1E04D73A007A5501 /* MapKit.framework */ = {isa = PBXFileReference; lastKnownFileType = wrapper.framework; name = MapKit.framework; path = System/Library/Frameworks/MapKit.framework; sourceTree = SDKROOT; };
		49455A6E1E04E981007A5501 /* PhotoViewController.swift */ = {isa = PBXFileReference; fileEncoding = 4; lastKnownFileType = sourcecode.swift; path = PhotoViewController.swift; sourceTree = "<group>"; };
		494CB7B11EB128C9009F07C2 /* Bahnhofsfotos.entitlements */ = {isa = PBXFileReference; lastKnownFileType = text.plist.entitlements; path = Bahnhofsfotos.entitlements; sourceTree = "<group>"; };
		495CCE721E7AD80400D5B11C /* LeftMenuViewController.swift */ = {isa = PBXFileReference; fileEncoding = 4; lastKnownFileType = sourcecode.swift; path = LeftMenuViewController.swift; sourceTree = "<group>"; };
		499087721ECE376D00AB45C2 /* HighScoreViewController.swift */ = {isa = PBXFileReference; fileEncoding = 4; lastKnownFileType = sourcecode.swift; path = HighScoreViewController.swift; sourceTree = "<group>"; };
		499087741ECE4FB200AB45C2 /* HighScoreTableViewCell.swift */ = {isa = PBXFileReference; fileEncoding = 4; lastKnownFileType = sourcecode.swift; path = HighScoreTableViewCell.swift; sourceTree = "<group>"; };
		499AD7E11E7ED6B600A5CFE9 /* MenuItem.swift */ = {isa = PBXFileReference; fileEncoding = 4; lastKnownFileType = sourcecode.swift; path = MenuItem.swift; sourceTree = "<group>"; };
		499B263D1E36A16400E081B3 /* EmptyView.swift */ = {isa = PBXFileReference; fileEncoding = 4; lastKnownFileType = sourcecode.swift; path = EmptyView.swift; sourceTree = "<group>"; };
		499B263F1E36ADF400E081B3 /* EmptyView.xib */ = {isa = PBXFileReference; fileEncoding = 4; lastKnownFileType = file.xib; path = EmptyView.xib; sourceTree = "<group>"; };
		499B26411E36B08800E081B3 /* ViewFromNib.swift */ = {isa = PBXFileReference; fileEncoding = 4; lastKnownFileType = sourcecode.swift; path = ViewFromNib.swift; sourceTree = "<group>"; };
		49B503E41E048EAE00B8AFDE /* Bahnhofsfotos.app */ = {isa = PBXFileReference; explicitFileType = wrapper.application; includeInIndex = 0; path = Bahnhofsfotos.app; sourceTree = BUILT_PRODUCTS_DIR; };
		49B503E71E048EAE00B8AFDE /* AppDelegate.swift */ = {isa = PBXFileReference; lastKnownFileType = sourcecode.swift; path = AppDelegate.swift; sourceTree = "<group>"; };
		49B503E91E048EAE00B8AFDE /* ListViewController.swift */ = {isa = PBXFileReference; lastKnownFileType = sourcecode.swift; lineEnding = 0; path = ListViewController.swift; sourceTree = "<group>"; xcLanguageSpecificationIdentifier = xcode.lang.swift; };
		49B503EC1E048EAE00B8AFDE /* Base */ = {isa = PBXFileReference; lastKnownFileType = file.storyboard; name = Base; path = Base.lproj/Main.storyboard; sourceTree = "<group>"; };
		49B503EE1E048EAE00B8AFDE /* Assets.xcassets */ = {isa = PBXFileReference; lastKnownFileType = folder.assetcatalog; path = Assets.xcassets; sourceTree = "<group>"; };
		49B503F11E048EAE00B8AFDE /* Base */ = {isa = PBXFileReference; lastKnownFileType = file.storyboard; name = Base; path = Base.lproj/LaunchScreen.storyboard; sourceTree = "<group>"; };
		49B503F31E048EAE00B8AFDE /* Info.plist */ = {isa = PBXFileReference; lastKnownFileType = text.plist.xml; path = Info.plist; sourceTree = "<group>"; };
		49B503F91E04991800B8AFDE /* Constants.swift */ = {isa = PBXFileReference; fileEncoding = 4; lastKnownFileType = sourcecode.swift; path = Constants.swift; sourceTree = "<group>"; };
		49B503FB1E04A1B700B8AFDE /* Station.swift */ = {isa = PBXFileReference; fileEncoding = 4; lastKnownFileType = sourcecode.swift; path = Station.swift; sourceTree = "<group>"; };
		49C42F6D1E3FA875005544C0 /* Country.swift */ = {isa = PBXFileReference; fileEncoding = 4; lastKnownFileType = sourcecode.swift; path = Country.swift; sourceTree = "<group>"; };
		49C42F6F1E3FAE46005544C0 /* CountryStorage.swift */ = {isa = PBXFileReference; fileEncoding = 4; lastKnownFileType = sourcecode.swift; path = CountryStorage.swift; sourceTree = "<group>"; };
		49DF03B71E2BA7E8003C8159 /* API.swift */ = {isa = PBXFileReference; fileEncoding = 4; lastKnownFileType = sourcecode.swift; path = API.swift; sourceTree = "<group>"; };
		49E5B5311EB7490300C5FE25 /* GoogleService-Info.plist */ = {isa = PBXFileReference; fileEncoding = 4; lastKnownFileType = text.plist.xml; path = "GoogleService-Info.plist"; sourceTree = "<group>"; };
		49F690F01E05272000BDE340 /* ProfileViewController.swift */ = {isa = PBXFileReference; fileEncoding = 4; lastKnownFileType = sourcecode.swift; path = ProfileViewController.swift; sourceTree = "<group>"; };
		49F70DB11E85B41400154136 /* Helper.swift */ = {isa = PBXFileReference; fileEncoding = 4; lastKnownFileType = sourcecode.swift; path = Helper.swift; sourceTree = "<group>"; };
		67F95631E12281F589409A6D /* Pods-Bahnhofsfotos-metadata.plist */ = {isa = PBXFileReference; includeInIndex = 1; lastKnownFileType = text.plist.xml; name = "Pods-Bahnhofsfotos-metadata.plist"; path = "Pods/Pods-Bahnhofsfotos-metadata.plist"; sourceTree = "<group>"; };
		7C56300D9DCF452C76B5066F /* Pods-Bahnhofsfotos.debug.xcconfig */ = {isa = PBXFileReference; includeInIndex = 1; lastKnownFileType = text.xcconfig; name = "Pods-Bahnhofsfotos.debug.xcconfig"; path = "Pods/Target Support Files/Pods-Bahnhofsfotos/Pods-Bahnhofsfotos.debug.xcconfig"; sourceTree = "<group>"; };
/* End PBXFileReference section */

/* Begin PBXFrameworksBuildPhase section */
		49B503E11E048EAD00B8AFDE /* Frameworks */ = {
			isa = PBXFrameworksBuildPhase;
			buildActionMask = 2147483647;
			files = (
				49455A6B1E04D73A007A5501 /* MapKit.framework in Frameworks */,
				7265CDE2F28E2527EA9C46C9 /* Pods_Bahnhofsfotos.framework in Frameworks */,
			);
			runOnlyForDeploymentPostprocessing = 0;
		};
/* End PBXFrameworksBuildPhase section */

/* Begin PBXGroup section */
		49B503DB1E048EAC00B8AFDE = {
			isa = PBXGroup;
			children = (
				49E5B5311EB7490300C5FE25 /* GoogleService-Info.plist */,
				49B503E61E048EAE00B8AFDE /* Bahnhofsfotos */,
				49B503E51E048EAE00B8AFDE /* Products */,
				AEEA6128BE255DE686283DB3 /* Pods */,
				95E2D7A511D466C1AF063B5D /* Frameworks */,
			);
			indentWidth = 2;
			sourceTree = "<group>";
			tabWidth = 2;
		};
		49B503E51E048EAE00B8AFDE /* Products */ = {
			isa = PBXGroup;
			children = (
				49B503E41E048EAE00B8AFDE /* Bahnhofsfotos.app */,
			);
			name = Products;
			sourceTree = "<group>";
		};
		49B503E61E048EAE00B8AFDE /* Bahnhofsfotos */ = {
			isa = PBXGroup;
			children = (
				494CB7B11EB128C9009F07C2 /* Bahnhofsfotos.entitlements */,
				49B503FE1E04A38A00B8AFDE /* Model */,
				49F4A3B41E366888009C258A /* View */,
				49B504001E04A3D200B8AFDE /* Controller */,
				49B503FF1E04A3B400B8AFDE /* Misc */,
				49B503FD1E04A38400B8AFDE /* Util */,
			);
			path = Bahnhofsfotos;
			sourceTree = "<group>";
		};
		49B503FD1E04A38400B8AFDE /* Util */ = {
			isa = PBXGroup;
			children = (
				49DF03B71E2BA7E8003C8159 /* API.swift */,
				49B503F91E04991800B8AFDE /* Constants.swift */,
				49F70DB11E85B41400154136 /* Helper.swift */,
			);
			name = Util;
			sourceTree = "<group>";
		};
		49B503FE1E04A38A00B8AFDE /* Model */ = {
			isa = PBXGroup;
			children = (
				49C42F6D1E3FA875005544C0 /* Country.swift */,
				49C42F6F1E3FAE46005544C0 /* CountryStorage.swift */,
				499AD7E11E7ED6B600A5CFE9 /* MenuItem.swift */,
				49B503FB1E04A1B700B8AFDE /* Station.swift */,
				49455A681E04CB60007A5501 /* StationStorage.swift */,
				49200C201EA172840054F426 /* StationAnnotation.swift */,
			);
			name = Model;
			sourceTree = "<group>";
		};
		49B503FF1E04A3B400B8AFDE /* Misc */ = {
			isa = PBXGroup;
			children = (
				49B503E71E048EAE00B8AFDE /* AppDelegate.swift */,
				49B503EE1E048EAE00B8AFDE /* Assets.xcassets */,
				49B503F31E048EAE00B8AFDE /* Info.plist */,
				4918B1E11E3E7C62007D5757 /* Settings.swift */,
			);
			name = Misc;
			sourceTree = "<group>";
		};
		49B504001E04A3D200B8AFDE /* Controller */ = {
			isa = PBXGroup;
			children = (
				491119361EA92E8600BC1F1D /* ChatViewController.swift */,
				4911193A1EAA3F8B00BC1F1D /* ChatWrapperViewController.swift */,
				499087721ECE376D00AB45C2 /* HighScoreViewController.swift */,
				495CCE721E7AD80400D5B11C /* LeftMenuViewController.swift */,
				49B503E91E048EAE00B8AFDE /* ListViewController.swift */,
				49455A661E04CA76007A5501 /* MapViewController.swift */,
				49455A6E1E04E981007A5501 /* PhotoViewController.swift */,
				49F690F01E05272000BDE340 /* ProfileViewController.swift */,
				493D06971E8DB2F2000EB37A /* ProfileWrapperViewController.swift */,
				4906E7881E7809C800B527F5 /* RootViewController.swift */,
				491119341EA918BA00BC1F1D /* SignInViewController.swift */,
			);
			name = Controller;
			sourceTree = "<group>";
		};
		49F4A3B41E366888009C258A /* View */ = {
			isa = PBXGroup;
			children = (
				499B263D1E36A16400E081B3 /* EmptyView.swift */,
				499B263F1E36ADF400E081B3 /* EmptyView.xib */,
				499087741ECE4FB200AB45C2 /* HighScoreTableViewCell.swift */,
				49B503F01E048EAE00B8AFDE /* LaunchScreen.storyboard */,
				49B503EB1E048EAE00B8AFDE /* Main.storyboard */,
				499B26411E36B08800E081B3 /* ViewFromNib.swift */,
			);
			name = View;
			sourceTree = "<group>";
		};
		95E2D7A511D466C1AF063B5D /* Frameworks */ = {
			isa = PBXGroup;
			children = (
				49455A6A1E04D73A007A5501 /* MapKit.framework */,
				1A5D14F39825A2F532F59DF8 /* Pods_Bahnhofsfotos.framework */,
			);
			name = Frameworks;
			sourceTree = "<group>";
		};
		AEEA6128BE255DE686283DB3 /* Pods */ = {
			isa = PBXGroup;
			children = (
				7C56300D9DCF452C76B5066F /* Pods-Bahnhofsfotos.debug.xcconfig */,
				1D78A7B9AED7B7EE6DBA4F26 /* Pods-Bahnhofsfotos.release.xcconfig */,
				67F95631E12281F589409A6D /* Pods-Bahnhofsfotos-metadata.plist */,
			);
			name = Pods;
			sourceTree = "<group>";
		};
/* End PBXGroup section */

/* Begin PBXNativeTarget section */
		49B503E31E048EAD00B8AFDE /* Bahnhofsfotos */ = {
			isa = PBXNativeTarget;
			buildConfigurationList = 49B503F61E048EAE00B8AFDE /* Build configuration list for PBXNativeTarget "Bahnhofsfotos" */;
			buildPhases = (
				ED397E516860B75F83899C8D /* [CP] Check Pods Manifest.lock */,
				4915BFBD1E8FC1B900F5195A /* Run SwiftLint */,
				49B503E01E048EAD00B8AFDE /* Sources */,
				49B503E11E048EAD00B8AFDE /* Frameworks */,
				49B503E21E048EAD00B8AFDE /* Resources */,
				C87A5D46B75C1D58483F0654 /* [CP] Embed Pods Frameworks */,
				927AAACFA7716B8BFDE8399A /* [CP] Copy Pods Resources */,
			);
			buildRules = (
			);
			dependencies = (
			);
			name = Bahnhofsfotos;
			productName = Bahnhofsfotos;
			productReference = 49B503E41E048EAE00B8AFDE /* Bahnhofsfotos.app */;
			productType = "com.apple.product-type.application";
		};
/* End PBXNativeTarget section */

/* Begin PBXProject section */
		49B503DC1E048EAC00B8AFDE /* Project object */ = {
			isa = PBXProject;
			attributes = {
				LastSwiftUpdateCheck = 0810;
				LastUpgradeCheck = 0910;
				ORGANIZATIONNAME = "Railway-Stations";
				TargetAttributes = {
					49B503E31E048EAD00B8AFDE = {
						CreatedOnToolsVersion = 8.1;
						DevelopmentTeam = CGF6G8NVJ5;
						LastSwiftMigration = 0910;
						ProvisioningStyle = Automatic;
						SystemCapabilities = {
							com.apple.BackgroundModes = {
								enabled = 0;
							};
							com.apple.Maps.iOS = {
								enabled = 1;
							};
							com.apple.Push = {
								enabled = 1;
							};
						};
					};
				};
			};
			buildConfigurationList = 49B503DF1E048EAC00B8AFDE /* Build configuration list for PBXProject "Bahnhofsfotos" */;
			compatibilityVersion = "Xcode 3.2";
			developmentRegion = English;
			hasScannedForEncodings = 0;
			knownRegions = (
				en,
				Base,
			);
			mainGroup = 49B503DB1E048EAC00B8AFDE;
			productRefGroup = 49B503E51E048EAE00B8AFDE /* Products */;
			projectDirPath = "";
			projectRoot = "";
			targets = (
				49B503E31E048EAD00B8AFDE /* Bahnhofsfotos */,
			);
		};
/* End PBXProject section */

/* Begin PBXResourcesBuildPhase section */
		49B503E21E048EAD00B8AFDE /* Resources */ = {
			isa = PBXResourcesBuildPhase;
			buildActionMask = 2147483647;
			files = (
				499B26401E36ADF400E081B3 /* EmptyView.xib in Resources */,
				49B503F21E048EAE00B8AFDE /* LaunchScreen.storyboard in Resources */,
				49B503EF1E048EAE00B8AFDE /* Assets.xcassets in Resources */,
				49B503ED1E048EAE00B8AFDE /* Main.storyboard in Resources */,
				32A5F1DFB93616350F05F3D6 /* Pods-Bahnhofsfotos-metadata.plist in Resources */,
				49E5B5331EB74EAD00C5FE25 /* GoogleService-Info.plist in Resources */,
			);
			runOnlyForDeploymentPostprocessing = 0;
		};
/* End PBXResourcesBuildPhase section */

/* Begin PBXShellScriptBuildPhase section */
		4915BFBD1E8FC1B900F5195A /* Run SwiftLint */ = {
			isa = PBXShellScriptBuildPhase;
			buildActionMask = 2147483647;
			files = (
			);
			inputPaths = (
			);
			name = "Run SwiftLint";
			outputPaths = (
			);
			runOnlyForDeploymentPostprocessing = 0;
			shellPath = /bin/sh;
			shellScript = "\"${PODS_ROOT}/SwiftLint/swiftlint\"";
			showEnvVarsInLog = 0;
		};
		927AAACFA7716B8BFDE8399A /* [CP] Copy Pods Resources */ = {
			isa = PBXShellScriptBuildPhase;
			buildActionMask = 2147483647;
			files = (
			);
			inputPaths = (
				"${SRCROOT}/Pods/Target Support Files/Pods-Bahnhofsfotos/Pods-Bahnhofsfotos-resources.sh",
				"${PODS_ROOT}/GoogleSignIn/Resources/GoogleSignIn.bundle",
			);
			name = "[CP] Copy Pods Resources";
			outputPaths = (
				"${TARGET_BUILD_DIR}/${UNLOCALIZED_RESOURCES_FOLDER_PATH}",
			);
			runOnlyForDeploymentPostprocessing = 0;
			shellPath = /bin/sh;
			shellScript = "\"${SRCROOT}/Pods/Target Support Files/Pods-Bahnhofsfotos/Pods-Bahnhofsfotos-resources.sh\"\n";
			showEnvVarsInLog = 0;
		};
		C87A5D46B75C1D58483F0654 /* [CP] Embed Pods Frameworks */ = {
			isa = PBXShellScriptBuildPhase;
			buildActionMask = 2147483647;
			files = (
			);
			inputPaths = (
				"${SRCROOT}/Pods/Target Support Files/Pods-Bahnhofsfotos/Pods-Bahnhofsfotos-frameworks.sh",
				"${BUILT_PRODUCTS_DIR}/AAShareBubbles/AAShareBubbles.framework",
				"${BUILT_PRODUCTS_DIR}/AKSideMenu/AKSideMenu.framework",
				"${BUILT_PRODUCTS_DIR}/Alamofire/Alamofire.framework",
				"${BUILT_PRODUCTS_DIR}/CPDAcknowledgements/CPDAcknowledgements.framework",
				"${BUILT_PRODUCTS_DIR}/Eureka/Eureka.framework",
				"${BUILT_PRODUCTS_DIR}/FBAnnotationClusteringSwift/FBAnnotationClusteringSwift.framework",
				"${BUILT_PRODUCTS_DIR}/FontAwesomeKit.Swift/FontAwesomeKit_Swift.framework",
				"${BUILT_PRODUCTS_DIR}/GTMOAuth2/GTMOAuth2.framework",
				"${BUILT_PRODUCTS_DIR}/GTMSessionFetcher/GTMSessionFetcher.framework",
				"${BUILT_PRODUCTS_DIR}/GoogleToolboxForMac/GoogleToolboxForMac.framework",
				"${BUILT_PRODUCTS_DIR}/ImagePicker/ImagePicker.framework",
				"${BUILT_PRODUCTS_DIR}/JSQMessagesViewController/JSQMessagesViewController.framework",
				"${BUILT_PRODUCTS_DIR}/JSQSystemSoundPlayer/JSQSystemSoundPlayer.framework",
				"${BUILT_PRODUCTS_DIR}/Protobuf/Protobuf.framework",
				"${BUILT_PRODUCTS_DIR}/SQLite.swift/SQLite.framework",
				"${BUILT_PRODUCTS_DIR}/SwiftyJSON/SwiftyJSON.framework",
				"${BUILT_PRODUCTS_DIR}/SwiftyUserDefaults/SwiftyUserDefaults.framework",
				"${BUILT_PRODUCTS_DIR}/Toast-Swift/Toast_Swift.framework",
				"${BUILT_PRODUCTS_DIR}/leveldb-library/leveldb.framework",
				"${BUILT_PRODUCTS_DIR}/nanopb/nanopb.framework",
			);
			name = "[CP] Embed Pods Frameworks";
			outputPaths = (
				"${TARGET_BUILD_DIR}/${FRAMEWORKS_FOLDER_PATH}/AAShareBubbles.framework",
				"${TARGET_BUILD_DIR}/${FRAMEWORKS_FOLDER_PATH}/AKSideMenu.framework",
				"${TARGET_BUILD_DIR}/${FRAMEWORKS_FOLDER_PATH}/Alamofire.framework",
				"${TARGET_BUILD_DIR}/${FRAMEWORKS_FOLDER_PATH}/CPDAcknowledgements.framework",
				"${TARGET_BUILD_DIR}/${FRAMEWORKS_FOLDER_PATH}/Eureka.framework",
				"${TARGET_BUILD_DIR}/${FRAMEWORKS_FOLDER_PATH}/FBAnnotationClusteringSwift.framework",
				"${TARGET_BUILD_DIR}/${FRAMEWORKS_FOLDER_PATH}/FontAwesomeKit_Swift.framework",
				"${TARGET_BUILD_DIR}/${FRAMEWORKS_FOLDER_PATH}/GTMOAuth2.framework",
				"${TARGET_BUILD_DIR}/${FRAMEWORKS_FOLDER_PATH}/GTMSessionFetcher.framework",
				"${TARGET_BUILD_DIR}/${FRAMEWORKS_FOLDER_PATH}/GoogleToolboxForMac.framework",
				"${TARGET_BUILD_DIR}/${FRAMEWORKS_FOLDER_PATH}/ImagePicker.framework",
				"${TARGET_BUILD_DIR}/${FRAMEWORKS_FOLDER_PATH}/JSQMessagesViewController.framework",
				"${TARGET_BUILD_DIR}/${FRAMEWORKS_FOLDER_PATH}/JSQSystemSoundPlayer.framework",
				"${TARGET_BUILD_DIR}/${FRAMEWORKS_FOLDER_PATH}/Protobuf.framework",
				"${TARGET_BUILD_DIR}/${FRAMEWORKS_FOLDER_PATH}/SQLite.framework",
				"${TARGET_BUILD_DIR}/${FRAMEWORKS_FOLDER_PATH}/SwiftyJSON.framework",
				"${TARGET_BUILD_DIR}/${FRAMEWORKS_FOLDER_PATH}/SwiftyUserDefaults.framework",
				"${TARGET_BUILD_DIR}/${FRAMEWORKS_FOLDER_PATH}/Toast_Swift.framework",
				"${TARGET_BUILD_DIR}/${FRAMEWORKS_FOLDER_PATH}/leveldb.framework",
				"${TARGET_BUILD_DIR}/${FRAMEWORKS_FOLDER_PATH}/nanopb.framework",
			);
			runOnlyForDeploymentPostprocessing = 0;
			shellPath = /bin/sh;
			shellScript = "\"${SRCROOT}/Pods/Target Support Files/Pods-Bahnhofsfotos/Pods-Bahnhofsfotos-frameworks.sh\"\n";
			showEnvVarsInLog = 0;
		};
		ED397E516860B75F83899C8D /* [CP] Check Pods Manifest.lock */ = {
			isa = PBXShellScriptBuildPhase;
			buildActionMask = 2147483647;
			files = (
			);
			inputPaths = (
				"${PODS_PODFILE_DIR_PATH}/Podfile.lock",
				"${PODS_ROOT}/Manifest.lock",
			);
			name = "[CP] Check Pods Manifest.lock";
			outputPaths = (
				"$(DERIVED_FILE_DIR)/Pods-Bahnhofsfotos-checkManifestLockResult.txt",
			);
			runOnlyForDeploymentPostprocessing = 0;
			shellPath = /bin/sh;
			shellScript = "diff \"${PODS_PODFILE_DIR_PATH}/Podfile.lock\" \"${PODS_ROOT}/Manifest.lock\" > /dev/null\nif [ $? != 0 ] ; then\n    # print error to STDERR\n    echo \"error: The sandbox is not in sync with the Podfile.lock. Run 'pod install' or update your CocoaPods installation.\" >&2\n    exit 1\nfi\n# This output is used by Xcode 'outputs' to avoid re-running this script phase.\necho \"SUCCESS\" > \"${SCRIPT_OUTPUT_FILE_0}\"\n";
			showEnvVarsInLog = 0;
		};
/* End PBXShellScriptBuildPhase section */

/* Begin PBXSourcesBuildPhase section */
		49B503E01E048EAD00B8AFDE /* Sources */ = {
			isa = PBXSourcesBuildPhase;
			buildActionMask = 2147483647;
			files = (
				491119351EA918BA00BC1F1D /* SignInViewController.swift in Sources */,
				499AD7E21E7ED6B600A5CFE9 /* MenuItem.swift in Sources */,
				4911193B1EAA3F8B00BC1F1D /* ChatWrapperViewController.swift in Sources */,
				491119371EA92E8600BC1F1D /* ChatViewController.swift in Sources */,
				49B503EA1E048EAE00B8AFDE /* ListViewController.swift in Sources */,
				49455A6F1E04E981007A5501 /* PhotoViewController.swift in Sources */,
				49200C211EA172840054F426 /* StationAnnotation.swift in Sources */,
				49B503E81E048EAE00B8AFDE /* AppDelegate.swift in Sources */,
				49455A691E04CB60007A5501 /* StationStorage.swift in Sources */,
				499087751ECE4FB200AB45C2 /* HighScoreTableViewCell.swift in Sources */,
				493D06981E8DB2F2000EB37A /* ProfileWrapperViewController.swift in Sources */,
				49F70DB21E85B41400154136 /* Helper.swift in Sources */,
				499087731ECE376D00AB45C2 /* HighScoreViewController.swift in Sources */,
				49C42F701E3FAE46005544C0 /* CountryStorage.swift in Sources */,
				4906E7891E7809C800B527F5 /* RootViewController.swift in Sources */,
				495CCE731E7AD80400D5B11C /* LeftMenuViewController.swift in Sources */,
				49B503FC1E04A1B700B8AFDE /* Station.swift in Sources */,
				499B26421E36B08800E081B3 /* ViewFromNib.swift in Sources */,
				49C42F6E1E3FA875005544C0 /* Country.swift in Sources */,
				4918B1E21E3E7C62007D5757 /* Settings.swift in Sources */,
				49455A671E04CA76007A5501 /* MapViewController.swift in Sources */,
				499B263E1E36A16400E081B3 /* EmptyView.swift in Sources */,
				49F690F11E05272000BDE340 /* ProfileViewController.swift in Sources */,
				49DF03B81E2BA7E8003C8159 /* API.swift in Sources */,
				49B503FA1E04991800B8AFDE /* Constants.swift in Sources */,
			);
			runOnlyForDeploymentPostprocessing = 0;
		};
/* End PBXSourcesBuildPhase section */

/* Begin PBXVariantGroup section */
		49B503EB1E048EAE00B8AFDE /* Main.storyboard */ = {
			isa = PBXVariantGroup;
			children = (
				49B503EC1E048EAE00B8AFDE /* Base */,
			);
			name = Main.storyboard;
			sourceTree = "<group>";
		};
		49B503F01E048EAE00B8AFDE /* LaunchScreen.storyboard */ = {
			isa = PBXVariantGroup;
			children = (
				49B503F11E048EAE00B8AFDE /* Base */,
			);
			name = LaunchScreen.storyboard;
			sourceTree = "<group>";
		};
/* End PBXVariantGroup section */

/* Begin XCBuildConfiguration section */
		49B503F41E048EAE00B8AFDE /* Debug */ = {
			isa = XCBuildConfiguration;
			buildSettings = {
				ALWAYS_SEARCH_USER_PATHS = NO;
				CLANG_ANALYZER_NONNULL = YES;
				CLANG_CXX_LANGUAGE_STANDARD = "gnu++0x";
				CLANG_CXX_LIBRARY = "libc++";
				CLANG_ENABLE_MODULES = YES;
				CLANG_ENABLE_OBJC_ARC = YES;
				CLANG_WARN_BLOCK_CAPTURE_AUTORELEASING = YES;
				CLANG_WARN_BOOL_CONVERSION = YES;
				CLANG_WARN_COMMA = YES;
				CLANG_WARN_CONSTANT_CONVERSION = YES;
				CLANG_WARN_DIRECT_OBJC_ISA_USAGE = YES_ERROR;
				CLANG_WARN_DOCUMENTATION_COMMENTS = YES;
				CLANG_WARN_EMPTY_BODY = YES;
				CLANG_WARN_ENUM_CONVERSION = YES;
				CLANG_WARN_INFINITE_RECURSION = YES;
				CLANG_WARN_INT_CONVERSION = YES;
				CLANG_WARN_NON_LITERAL_NULL_CONVERSION = YES;
				CLANG_WARN_OBJC_LITERAL_CONVERSION = YES;
				CLANG_WARN_OBJC_ROOT_CLASS = YES_ERROR;
				CLANG_WARN_RANGE_LOOP_ANALYSIS = YES;
				CLANG_WARN_STRICT_PROTOTYPES = YES;
				CLANG_WARN_SUSPICIOUS_MOVE = YES;
				CLANG_WARN_SUSPICIOUS_MOVES = YES;
				CLANG_WARN_UNREACHABLE_CODE = YES;
				CLANG_WARN__DUPLICATE_METHOD_MATCH = YES;
				"CODE_SIGN_IDENTITY[sdk=iphoneos*]" = "iPhone Developer";
				COPY_PHASE_STRIP = NO;
				DEBUG_INFORMATION_FORMAT = dwarf;
				ENABLE_STRICT_OBJC_MSGSEND = YES;
				ENABLE_TESTABILITY = YES;
				GCC_C_LANGUAGE_STANDARD = gnu99;
				GCC_DYNAMIC_NO_PIC = NO;
				GCC_NO_COMMON_BLOCKS = YES;
				GCC_OPTIMIZATION_LEVEL = 0;
				GCC_PREPROCESSOR_DEFINITIONS = (
					"DEBUG=1",
					"$(inherited)",
				);
				GCC_WARN_64_TO_32_BIT_CONVERSION = YES;
				GCC_WARN_ABOUT_RETURN_TYPE = YES_ERROR;
				GCC_WARN_UNDECLARED_SELECTOR = YES;
				GCC_WARN_UNINITIALIZED_AUTOS = YES_AGGRESSIVE;
				GCC_WARN_UNUSED_FUNCTION = YES;
				GCC_WARN_UNUSED_VARIABLE = YES;
				IPHONEOS_DEPLOYMENT_TARGET = 10.1;
				MTL_ENABLE_DEBUG_INFO = YES;
				ONLY_ACTIVE_ARCH = YES;
				SDKROOT = iphoneos;
				SWIFT_ACTIVE_COMPILATION_CONDITIONS = DEBUG;
				SWIFT_OPTIMIZATION_LEVEL = "-Onone";
				SWIFT_VERSION = 4.0;
				TARGETED_DEVICE_FAMILY = "1,2";
			};
			name = Debug;
		};
		49B503F51E048EAE00B8AFDE /* Release */ = {
			isa = XCBuildConfiguration;
			buildSettings = {
				ALWAYS_SEARCH_USER_PATHS = NO;
				CLANG_ANALYZER_NONNULL = YES;
				CLANG_CXX_LANGUAGE_STANDARD = "gnu++0x";
				CLANG_CXX_LIBRARY = "libc++";
				CLANG_ENABLE_MODULES = YES;
				CLANG_ENABLE_OBJC_ARC = YES;
				CLANG_WARN_BLOCK_CAPTURE_AUTORELEASING = YES;
				CLANG_WARN_BOOL_CONVERSION = YES;
				CLANG_WARN_COMMA = YES;
				CLANG_WARN_CONSTANT_CONVERSION = YES;
				CLANG_WARN_DIRECT_OBJC_ISA_USAGE = YES_ERROR;
				CLANG_WARN_DOCUMENTATION_COMMENTS = YES;
				CLANG_WARN_EMPTY_BODY = YES;
				CLANG_WARN_ENUM_CONVERSION = YES;
				CLANG_WARN_INFINITE_RECURSION = YES;
				CLANG_WARN_INT_CONVERSION = YES;
				CLANG_WARN_NON_LITERAL_NULL_CONVERSION = YES;
				CLANG_WARN_OBJC_LITERAL_CONVERSION = YES;
				CLANG_WARN_OBJC_ROOT_CLASS = YES_ERROR;
				CLANG_WARN_RANGE_LOOP_ANALYSIS = YES;
				CLANG_WARN_STRICT_PROTOTYPES = YES;
				CLANG_WARN_SUSPICIOUS_MOVE = YES;
				CLANG_WARN_SUSPICIOUS_MOVES = YES;
				CLANG_WARN_UNREACHABLE_CODE = YES;
				CLANG_WARN__DUPLICATE_METHOD_MATCH = YES;
				"CODE_SIGN_IDENTITY[sdk=iphoneos*]" = "iPhone Developer";
				COPY_PHASE_STRIP = NO;
				DEBUG_INFORMATION_FORMAT = "dwarf-with-dsym";
				ENABLE_NS_ASSERTIONS = NO;
				ENABLE_STRICT_OBJC_MSGSEND = YES;
				GCC_C_LANGUAGE_STANDARD = gnu99;
				GCC_NO_COMMON_BLOCKS = YES;
				GCC_WARN_64_TO_32_BIT_CONVERSION = YES;
				GCC_WARN_ABOUT_RETURN_TYPE = YES_ERROR;
				GCC_WARN_UNDECLARED_SELECTOR = YES;
				GCC_WARN_UNINITIALIZED_AUTOS = YES_AGGRESSIVE;
				GCC_WARN_UNUSED_FUNCTION = YES;
				GCC_WARN_UNUSED_VARIABLE = YES;
				IPHONEOS_DEPLOYMENT_TARGET = 10.1;
				MTL_ENABLE_DEBUG_INFO = NO;
				SDKROOT = iphoneos;
				SWIFT_OPTIMIZATION_LEVEL = "-Owholemodule";
				SWIFT_VERSION = 4.0;
				TARGETED_DEVICE_FAMILY = "1,2";
				VALIDATE_PRODUCT = YES;
			};
			name = Release;
		};
		49B503F71E048EAE00B8AFDE /* Debug */ = {
			isa = XCBuildConfiguration;
			baseConfigurationReference = 7C56300D9DCF452C76B5066F /* Pods-Bahnhofsfotos.debug.xcconfig */;
			buildSettings = {
				ALWAYS_EMBED_SWIFT_STANDARD_LIBRARIES = YES;
				ASSETCATALOG_COMPILER_APPICON_NAME = AppIcon;
				CODE_SIGN_ENTITLEMENTS = Bahnhofsfotos/Bahnhofsfotos.entitlements;
				DEVELOPMENT_TEAM = CGF6G8NVJ5;
				INFOPLIST_FILE = Bahnhofsfotos/Info.plist;
				IPHONEOS_DEPLOYMENT_TARGET = 9.0;
				LD_RUNPATH_SEARCH_PATHS = "$(inherited) @executable_path/Frameworks";
				PRODUCT_BUNDLE_IDENTIFIER = "org.railway-stations.ios";
				PRODUCT_NAME = "$(TARGET_NAME)";
				SWIFT_SWIFT3_OBJC_INFERENCE = On;
				SWIFT_VERSION = 4.0;
			};
			name = Debug;
		};
		49B503F81E048EAE00B8AFDE /* Release */ = {
			isa = XCBuildConfiguration;
			baseConfigurationReference = 1D78A7B9AED7B7EE6DBA4F26 /* Pods-Bahnhofsfotos.release.xcconfig */;
			buildSettings = {
				ALWAYS_EMBED_SWIFT_STANDARD_LIBRARIES = YES;
				ASSETCATALOG_COMPILER_APPICON_NAME = AppIcon;
				CODE_SIGN_ENTITLEMENTS = Bahnhofsfotos/Bahnhofsfotos.entitlements;
				DEVELOPMENT_TEAM = CGF6G8NVJ5;
				INFOPLIST_FILE = Bahnhofsfotos/Info.plist;
				IPHONEOS_DEPLOYMENT_TARGET = 9.0;
				LD_RUNPATH_SEARCH_PATHS = "$(inherited) @executable_path/Frameworks";
				PRODUCT_BUNDLE_IDENTIFIER = "org.railway-stations.ios";
				PRODUCT_NAME = "$(TARGET_NAME)";
				SWIFT_SWIFT3_OBJC_INFERENCE = On;
				SWIFT_VERSION = 4.0;
			};
			name = Release;
		};
/* End XCBuildConfiguration section */

/* Begin XCConfigurationList section */
		49B503DF1E048EAC00B8AFDE /* Build configuration list for PBXProject "Bahnhofsfotos" */ = {
			isa = XCConfigurationList;
			buildConfigurations = (
				49B503F41E048EAE00B8AFDE /* Debug */,
				49B503F51E048EAE00B8AFDE /* Release */,
			);
			defaultConfigurationIsVisible = 0;
			defaultConfigurationName = Release;
		};
		49B503F61E048EAE00B8AFDE /* Build configuration list for PBXNativeTarget "Bahnhofsfotos" */ = {
			isa = XCConfigurationList;
			buildConfigurations = (
				49B503F71E048EAE00B8AFDE /* Debug */,
				49B503F81E048EAE00B8AFDE /* Release */,
			);
			defaultConfigurationIsVisible = 0;
			defaultConfigurationName = Release;
		};
/* End XCConfigurationList section */
	};
	rootObject = 49B503DC1E048EAC00B8AFDE /* Project object */;
}
